
Microsoft Visual Studio Solution File, Format Version 12.00
# Visual Studio 14
VisualStudioVersion = 14.0.25420.1
MinimumVisualStudioVersion = 10.0.40219.1
Project("{8BC9CEB8-8B4A-11D0-8D11-00A0C91BC942}") = "CAF_TCP", "CAF_TCP\CAF_TCP.vcxproj", "{B4B33989-674C-4C9B-BC18-055A9BBC34A6}"
EndProject
Project("{8BC9CEB8-8B4A-11D0-8D11-00A0C91BC942}") = "test", "test\test.vcxproj", "{7C887F6D-0350-459F-A308-DBDB4924B760}"
	ProjectSection(ProjectDependencies) = postProject
		{C40A3019-8E0B-4FDF-91F5-BC13FE0A316A} = {C40A3019-8E0B-4FDF-91F5-BC13FE0A316A}
		{EAF5F15B-9A29-41C5-9B77-55F59A2D7CFB} = {EAF5F15B-9A29-41C5-9B77-55F59A2D7CFB}
		{4578AC61-4041-443E-83F1-EEBC71DD7D03} = {4578AC61-4041-443E-83F1-EEBC71DD7D03}
		{B4B33989-674C-4C9B-BC18-055A9BBC34A6} = {B4B33989-674C-4C9B-BC18-055A9BBC34A6}
		{338E17AD-6377-44CF-B65B-2BE3736845EA} = {338E17AD-6377-44CF-B65B-2BE3736845EA}
	EndProjectSection
EndProject
Project("{8BC9CEB8-8B4A-11D0-8D11-00A0C91BC942}") = "remoting", "remoting\remoting.vcxproj", "{338E17AD-6377-44CF-B65B-2BE3736845EA}"
	ProjectSection(ProjectDependencies) = postProject
		{B4B33989-674C-4C9B-BC18-055A9BBC34A6} = {B4B33989-674C-4C9B-BC18-055A9BBC34A6}
	EndProjectSection
EndProject
Project("{8BC9CEB8-8B4A-11D0-8D11-00A0C91BC942}") = "http_example", "http_example\http_example.vcxproj", "{8871CF87-FF55-4BC5-9399-263D6C105405}"
	ProjectSection(ProjectDependencies) = postProject
		{B4B33989-674C-4C9B-BC18-055A9BBC34A6} = {B4B33989-674C-4C9B-BC18-055A9BBC34A6}
	EndProjectSection
EndProject
Project("{8BC9CEB8-8B4A-11D0-8D11-00A0C91BC942}") = "clustering", "clustering\clustering.vcxproj", "{EAF5F15B-9A29-41C5-9B77-55F59A2D7CFB}"
	ProjectSection(ProjectDependencies) = postProject
		{C40A3019-8E0B-4FDF-91F5-BC13FE0A316A} = {C40A3019-8E0B-4FDF-91F5-BC13FE0A316A}
		{4578AC61-4041-443E-83F1-EEBC71DD7D03} = {4578AC61-4041-443E-83F1-EEBC71DD7D03}
		{338E17AD-6377-44CF-B65B-2BE3736845EA} = {338E17AD-6377-44CF-B65B-2BE3736845EA}
	EndProjectSection
EndProject
Project("{8BC9CEB8-8B4A-11D0-8D11-00A0C91BC942}") = "core", "core\core.vcxproj", "{4578AC61-4041-443E-83F1-EEBC71DD7D03}"
EndProject
Project("{2150E333-8FDC-42A3-9474-1A3956D46DE8}") = "libs", "libs", "{154D7738-7B61-410D-AC22-526C518F390B}"
EndProject
Project("{8BC9CEB8-8B4A-11D0-8D11-00A0C91BC942}") = "delta_enabled_crdts", "delta_enabled_crdts\delta_enabled_crdts.vcxproj", "{C40A3019-8E0B-4FDF-91F5-BC13FE0A316A}"
EndProject
Project("{8BC9CEB8-8B4A-11D0-8D11-00A0C91BC942}") = "random_op_node", "random_op_node\random_op_node.vcxproj", "{FCB69C68-09C7-4682-B4BF-1C346CC1BE79}"
	ProjectSection(ProjectDependencies) = postProject
		{C40A3019-8E0B-4FDF-91F5-BC13FE0A316A} = {C40A3019-8E0B-4FDF-91F5-BC13FE0A316A}
		{EAF5F15B-9A29-41C5-9B77-55F59A2D7CFB} = {EAF5F15B-9A29-41C5-9B77-55F59A2D7CFB}
		{4578AC61-4041-443E-83F1-EEBC71DD7D03} = {4578AC61-4041-443E-83F1-EEBC71DD7D03}
		{338E17AD-6377-44CF-B65B-2BE3736845EA} = {338E17AD-6377-44CF-B65B-2BE3736845EA}
	EndProjectSection
EndProject
Project("{8BC9CEB8-8B4A-11D0-8D11-00A0C91BC942}") = "interface", "interface\interface.vcxproj", "{6CDAC87F-7F7D-4786-8661-000C651980C7}"
EndProject
Global
	GlobalSection(SolutionConfigurationPlatforms) = preSolution
		Debug|x64 = Debug|x64
		Debug|x86 = Debug|x86
		Release|x64 = Release|x64
		Release|x86 = Release|x86
	EndGlobalSection
	GlobalSection(ProjectConfigurationPlatforms) = postSolution
		{B4B33989-674C-4C9B-BC18-055A9BBC34A6}.Debug|x64.ActiveCfg = Debug|x64
		{B4B33989-674C-4C9B-BC18-055A9BBC34A6}.Debug|x64.Build.0 = Debug|x64
		{B4B33989-674C-4C9B-BC18-055A9BBC34A6}.Debug|x86.ActiveCfg = Debug|Win32
		{B4B33989-674C-4C9B-BC18-055A9BBC34A6}.Debug|x86.Build.0 = Debug|Win32
		{B4B33989-674C-4C9B-BC18-055A9BBC34A6}.Release|x64.ActiveCfg = Release|x64
		{B4B33989-674C-4C9B-BC18-055A9BBC34A6}.Release|x64.Build.0 = Release|x64
		{B4B33989-674C-4C9B-BC18-055A9BBC34A6}.Release|x86.ActiveCfg = Release|Win32
		{B4B33989-674C-4C9B-BC18-055A9BBC34A6}.Release|x86.Build.0 = Release|Win32
		{7C887F6D-0350-459F-A308-DBDB4924B760}.Debug|x64.ActiveCfg = Debug|x64
		{7C887F6D-0350-459F-A308-DBDB4924B760}.Debug|x64.Build.0 = Debug|x64
		{7C887F6D-0350-459F-A308-DBDB4924B760}.Debug|x86.ActiveCfg = Debug|Win32
		{7C887F6D-0350-459F-A308-DBDB4924B760}.Debug|x86.Build.0 = Debug|Win32
		{7C887F6D-0350-459F-A308-DBDB4924B760}.Release|x64.ActiveCfg = Release|x64
		{7C887F6D-0350-459F-A308-DBDB4924B760}.Release|x64.Build.0 = Release|x64
		{7C887F6D-0350-459F-A308-DBDB4924B760}.Release|x86.ActiveCfg = Release|Win32
		{7C887F6D-0350-459F-A308-DBDB4924B760}.Release|x86.Build.0 = Release|Win32
		{338E17AD-6377-44CF-B65B-2BE3736845EA}.Debug|x64.ActiveCfg = Debug|x64
		{338E17AD-6377-44CF-B65B-2BE3736845EA}.Debug|x64.Build.0 = Debug|x64
		{338E17AD-6377-44CF-B65B-2BE3736845EA}.Debug|x86.ActiveCfg = Debug|Win32
		{338E17AD-6377-44CF-B65B-2BE3736845EA}.Debug|x86.Build.0 = Debug|Win32
		{338E17AD-6377-44CF-B65B-2BE3736845EA}.Release|x64.ActiveCfg = Release|x64
		{338E17AD-6377-44CF-B65B-2BE3736845EA}.Release|x64.Build.0 = Release|x64
		{338E17AD-6377-44CF-B65B-2BE3736845EA}.Release|x86.ActiveCfg = Release|Win32
		{338E17AD-6377-44CF-B65B-2BE3736845EA}.Release|x86.Build.0 = Release|Win32
		{8871CF87-FF55-4BC5-9399-263D6C105405}.Debug|x64.ActiveCfg = Debug|x64
		{8871CF87-FF55-4BC5-9399-263D6C105405}.Debug|x64.Build.0 = Debug|x64
		{8871CF87-FF55-4BC5-9399-263D6C105405}.Debug|x86.ActiveCfg = Debug|Win32
		{8871CF87-FF55-4BC5-9399-263D6C105405}.Debug|x86.Build.0 = Debug|Win32
		{8871CF87-FF55-4BC5-9399-263D6C105405}.Release|x64.ActiveCfg = Release|x64
		{8871CF87-FF55-4BC5-9399-263D6C105405}.Release|x64.Build.0 = Release|x64
		{8871CF87-FF55-4BC5-9399-263D6C105405}.Release|x86.ActiveCfg = Release|Win32
		{8871CF87-FF55-4BC5-9399-263D6C105405}.Release|x86.Build.0 = Release|Win32
		{EAF5F15B-9A29-41C5-9B77-55F59A2D7CFB}.Debug|x64.ActiveCfg = Debug|x64
		{EAF5F15B-9A29-41C5-9B77-55F59A2D7CFB}.Debug|x64.Build.0 = Debug|x64
		{EAF5F15B-9A29-41C5-9B77-55F59A2D7CFB}.Debug|x86.ActiveCfg = Debug|Win32
		{EAF5F15B-9A29-41C5-9B77-55F59A2D7CFB}.Debug|x86.Build.0 = Debug|Win32
		{EAF5F15B-9A29-41C5-9B77-55F59A2D7CFB}.Release|x64.ActiveCfg = Release|x64
		{EAF5F15B-9A29-41C5-9B77-55F59A2D7CFB}.Release|x64.Build.0 = Release|x64
		{EAF5F15B-9A29-41C5-9B77-55F59A2D7CFB}.Release|x86.ActiveCfg = Release|Win32
		{EAF5F15B-9A29-41C5-9B77-55F59A2D7CFB}.Release|x86.Build.0 = Release|Win32
		{4578AC61-4041-443E-83F1-EEBC71DD7D03}.Debug|x64.ActiveCfg = Debug|x64
		{4578AC61-4041-443E-83F1-EEBC71DD7D03}.Debug|x64.Build.0 = Debug|x64
		{4578AC61-4041-443E-83F1-EEBC71DD7D03}.Debug|x86.ActiveCfg = Debug|Win32
		{4578AC61-4041-443E-83F1-EEBC71DD7D03}.Debug|x86.Build.0 = Debug|Win32
		{4578AC61-4041-443E-83F1-EEBC71DD7D03}.Release|x64.ActiveCfg = Release|x64
		{4578AC61-4041-443E-83F1-EEBC71DD7D03}.Release|x64.Build.0 = Release|x64
		{4578AC61-4041-443E-83F1-EEBC71DD7D03}.Release|x86.ActiveCfg = Release|Win32
		{4578AC61-4041-443E-83F1-EEBC71DD7D03}.Release|x86.Build.0 = Release|Win32
		{C40A3019-8E0B-4FDF-91F5-BC13FE0A316A}.Debug|x64.ActiveCfg = Debug|x64
		{C40A3019-8E0B-4FDF-91F5-BC13FE0A316A}.Debug|x64.Build.0 = Debug|x64
		{C40A3019-8E0B-4FDF-91F5-BC13FE0A316A}.Debug|x86.ActiveCfg = Debug|Win32
		{C40A3019-8E0B-4FDF-91F5-BC13FE0A316A}.Debug|x86.Build.0 = Debug|Win32
		{C40A3019-8E0B-4FDF-91F5-BC13FE0A316A}.Release|x64.ActiveCfg = Release|x64
		{C40A3019-8E0B-4FDF-91F5-BC13FE0A316A}.Release|x64.Build.0 = Release|x64
		{C40A3019-8E0B-4FDF-91F5-BC13FE0A316A}.Release|x86.ActiveCfg = Release|Win32
		{C40A3019-8E0B-4FDF-91F5-BC13FE0A316A}.Release|x86.Build.0 = Release|Win32
		{FCB69C68-09C7-4682-B4BF-1C346CC1BE79}.Debug|x64.ActiveCfg = Debug|x64
		{FCB69C68-09C7-4682-B4BF-1C346CC1BE79}.Debug|x64.Build.0 = Debug|x64
		{FCB69C68-09C7-4682-B4BF-1C346CC1BE79}.Debug|x86.ActiveCfg = Debug|Win32
		{FCB69C68-09C7-4682-B4BF-1C346CC1BE79}.Debug|x86.Build.0 = Debug|Win32
		{FCB69C68-09C7-4682-B4BF-1C346CC1BE79}.Release|x64.ActiveCfg = Release|x64
		{FCB69C68-09C7-4682-B4BF-1C346CC1BE79}.Release|x64.Build.0 = Release|x64
		{FCB69C68-09C7-4682-B4BF-1C346CC1BE79}.Release|x86.ActiveCfg = Release|Win32
		{FCB69C68-09C7-4682-B4BF-1C346CC1BE79}.Release|x86.Build.0 = Release|Win32
		{6CDAC87F-7F7D-4786-8661-000C651980C7}.Debug|x64.ActiveCfg = Debug|x64
		{6CDAC87F-7F7D-4786-8661-000C651980C7}.Debug|x64.Build.0 = Debug|x64
		{6CDAC87F-7F7D-4786-8661-000C651980C7}.Debug|x86.ActiveCfg = Debug|Win32
		{6CDAC87F-7F7D-4786-8661-000C651980C7}.Debug|x86.Build.0 = Debug|Win32
		{6CDAC87F-7F7D-4786-8661-000C651980C7}.Release|x64.ActiveCfg = Release|x64
		{6CDAC87F-7F7D-4786-8661-000C651980C7}.Release|x64.Build.0 = Release|x64
		{6CDAC87F-7F7D-4786-8661-000C651980C7}.Release|x86.ActiveCfg = Release|Win32
		{6CDAC87F-7F7D-4786-8661-000C651980C7}.Release|x86.Build.0 = Release|Win32
	EndGlobalSection
	GlobalSection(SolutionProperties) = preSolution
		HideSolutionNode = FALSE
	EndGlobalSection
	GlobalSection(NestedProjects) = preSolution
		{C40A3019-8E0B-4FDF-91F5-BC13FE0A316A} = {154D7738-7B61-410D-AC22-526C518F390B}
	EndGlobalSection
EndGlobal
